
Microsoft Visual Studio Solution File, Format Version 12.00
Project("{FAE04EC0-301F-11D3-BF4B-00C04F79EFBC}") = "TimeManager", "TimeManager.csproj", "{F70E098A-5008-47E3-9043-EA45CF425FCA}"
EndProject
Global
	GlobalSection(SolutionConfigurationPlatforms) = preSolution
		Debug|Any CPU = Debug|Any CPU
		Release|Any CPU = Release|Any CPU
	EndGlobalSection
	GlobalSection(ProjectConfigurationPlatforms) = postSolution
		{F70E098A-5008-47E3-9043-EA45CF425FCA}.Debug|Any CPU.ActiveCfg = Debug|Any CPU
		{F70E098A-5008-47E3-9043-EA45CF425FCA}.Debug|Any CPU.Build.0 = Debug|Any CPU
		{F70E098A-5008-47E3-9043-EA45CF425FCA}.Release|Any CPU.ActiveCfg = Release|Any CPU
		{F70E098A-5008-47E3-9043-EA45CF425FCA}.Release|Any CPU.Build.0 = Release|Any CPU
	EndGlobalSection
EndGlobal
